<?xml version="1.0" encoding="utf-8"?>
<Project ToolsVersion="4.0" xmlns="http://schemas.microsoft.com/developer/msbuild/2003">
  <ItemGroup>
    <Filter Include="ソース ファイル">
      <UniqueIdentifier>{4FC737F1-C7A5-4376-A066-2A32D752A2FF}</UniqueIdentifier>
      <Extensions>cpp;c;cc;cxx;def;odl;idl;hpj;bat;asm;asmx</Extensions>
    </Filter>
    <Filter Include="ヘッダー ファイル">
      <UniqueIdentifier>{93995380-89BD-4b04-88EB-625FBE52EBFB}</UniqueIdentifier>
      <Extensions>h;hh;hpp;hxx;hm;inl;inc;xsd</Extensions>
    </Filter>
    <Filter Include="リソース ファイル">
      <UniqueIdentifier>{67DA6AB6-F800-4c08-8B7A-83BB121AAD01}</UniqueIdentifier>
      <Extensions>rc;ico;cur;bmp;dlg;rc2;rct;bin;rgs;gif;jpg;jpeg;jpe;resx;tiff;tif;png;wav;mfcribbon-ms</Extensions>
    </Filter>
    <Filter Include="XC32">
      <UniqueIdentifier>{e53ef9e3-0c64-4819-be29-6852fffc9090}</UniqueIdentifier>
    </Filter>
    <Filter Include="XC32\sfr">
      <UniqueIdentifier>{7ede7a19-e0b4-4c27-a67a-b54f95ae8614}</UniqueIdentifier>
    </Filter>
    <Filter Include="XC32\sfr\port">
      <UniqueIdentifier>{b7076a32-9f6d-49b7-82ff-d72819273133}</UniqueIdentifier>
    </Filter>
  </ItemGroup>
  <ItemGroup>
    <ClInclude Include="..\..\..\adc.hpp">
      <Filter>XC32</Filter>
    </ClInclude>
    <ClInclude Include="..\..\..\clock.hpp">
      <Filter>XC32</Filter>
    </ClInclude>
    <ClInclude Include="..\..\..\device.hpp">
      <Filter>XC32</Filter>
    </ClInclude>
    <ClInclude Include="..\..\..\exceptions.hpp">
      <Filter>XC32</Filter>
    </ClInclude>
    <ClInclude Include="..\..\..\i2c.hpp">
      <Filter>XC32</Filter>
    </ClInclude>
    <ClInclude Include="..\..\..\interrupt.hpp">
      <Filter>XC32</Filter>
    </ClInclude>
    <ClInclude Include="..\..\..\interrupt_safe_allocator.hpp">
      <Filter>XC32</Filter>
    </ClInclude>
    <ClInclude Include="..\..\..\longtimer.hpp">
      <Filter>XC32</Filter>
    </ClInclude>
    <ClInclude Include="..\..\..\pin.hpp">
      <Filter>XC32</Filter>
    </ClInclude>
    <ClInclude Include="..\..\..\spi.hpp">
      <Filter>XC32</Filter>
    </ClInclude>
    <ClInclude Include="..\..\..\timer.hpp">
      <Filter>XC32</Filter>
    </ClInclude>
    <ClInclude Include="..\..\..\uart.hpp">
      <Filter>XC32</Filter>
    </ClInclude>
    <ClInclude Include="..\..\..\wdt.hpp">
      <Filter>XC32</Filter>
    </ClInclude>
    <ClInclude Include="..\..\..\sfr\adc_base.hpp">
      <Filter>XC32\sfr</Filter>
    </ClInclude>
    <ClInclude Include="..\..\..\sfr\adc1.hpp">
      <Filter>XC32\sfr</Filter>
    </ClInclude>
    <ClInclude Include="..\..\..\sfr\analog.hpp">
      <Filter>XC32\sfr</Filter>
    </ClInclude>
    <ClInclude Include="..\..\..\sfr\exclusive_mixin.hpp">
      <Filter>XC32\sfr</Filter>
    </ClInclude>
    <ClInclude Include="..\..\..\sfr\i2c1.hpp">
      <Filter>XC32\sfr</Filter>
    </ClInclude>
    <ClInclude Include="..\..\..\sfr\i2c2.hpp">
      <Filter>XC32\sfr</Filter>
    </ClInclude>
    <ClInclude Include="..\..\..\sfr\i2c3.hpp">
      <Filter>XC32\sfr</Filter>
    </ClInclude>
    <ClInclude Include="..\..\..\sfr\i2c4.hpp">
      <Filter>XC32\sfr</Filter>
    </ClInclude>
    <ClInclude Include="..\..\..\sfr\i2c5.hpp">
      <Filter>XC32\sfr</Filter>
    </ClInclude>
    <ClInclude Include="..\..\..\sfr\interrupt.hpp">
      <Filter>XC32\sfr</Filter>
    </ClInclude>
    <ClInclude Include="..\..\..\sfr\port.hpp">
      <Filter>XC32\sfr</Filter>
    </ClInclude>
    <ClInclude Include="..\..\..\sfr\reset.hpp">
      <Filter>XC32\sfr</Filter>
    </ClInclude>
    <ClInclude Include="..\..\..\sfr\rtcc.hpp">
      <Filter>XC32\sfr</Filter>
    </ClInclude>
    <ClInclude Include="..\..\..\sfr\sfr_register_mixin.hpp">
      <Filter>XC32\sfr</Filter>
    </ClInclude>
    <ClInclude Include="..\..\..\sfr\spi1.hpp">
      <Filter>XC32\sfr</Filter>
    </ClInclude>
    <ClInclude Include="..\..\..\sfr\spi2.hpp">
      <Filter>XC32\sfr</Filter>
    </ClInclude>
    <ClInclude Include="..\..\..\sfr\spi3.hpp">
      <Filter>XC32\sfr</Filter>
    </ClInclude>
    <ClInclude Include="..\..\..\sfr\spi4.hpp">
      <Filter>XC32\sfr</Filter>
    </ClInclude>
    <ClInclude Include="..\..\..\sfr\timer_base.hpp">
      <Filter>XC32\sfr</Filter>
    </ClInclude>
    <ClInclude Include="..\..\..\sfr\timer1.hpp">
      <Filter>XC32\sfr</Filter>
    </ClInclude>
    <ClInclude Include="..\..\..\sfr\timer2.hpp">
      <Filter>XC32\sfr</Filter>
    </ClInclude>
    <ClInclude Include="..\..\..\sfr\timer3.hpp">
      <Filter>XC32\sfr</Filter>
    </ClInclude>
    <ClInclude Include="..\..\..\sfr\timer4.hpp">
      <Filter>XC32\sfr</Filter>
    </ClInclude>
    <ClInclude Include="..\..\..\sfr\timer5.hpp">
      <Filter>XC32\sfr</Filter>
    </ClInclude>
    <ClInclude Include="..\..\..\sfr\timer6.hpp">
      <Filter>XC32\sfr</Filter>
    </ClInclude>
    <ClInclude Include="..\..\..\sfr\timer7.hpp">
      <Filter>XC32\sfr</Filter>
    </ClInclude>
    <ClInclude Include="..\..\..\sfr\timer8.hpp">
      <Filter>XC32\sfr</Filter>
    </ClInclude>
    <ClInclude Include="..\..\..\sfr\timer9.hpp">
      <Filter>XC32\sfr</Filter>
    </ClInclude>
    <ClInclude Include="..\..\..\sfr\uart_base.hpp">
      <Filter>XC32\sfr</Filter>
    </ClInclude>
    <ClInclude Include="..\..\..\sfr\uart1.hpp">
      <Filter>XC32\sfr</Filter>
    </ClInclude>
    <ClInclude Include="..\..\..\sfr\uart2.hpp">
      <Filter>XC32\sfr</Filter>
    </ClInclude>
    <ClInclude Include="..\..\..\sfr\uart3.hpp">
      <Filter>XC32\sfr</Filter>
    </ClInclude>
    <ClInclude Include="..\..\..\sfr\uart4.hpp">
      <Filter>XC32\sfr</Filter>
    </ClInclude>
    <ClInclude Include="..\..\..\sfr\uart5.hpp">
      <Filter>XC32\sfr</Filter>
    </ClInclude>
    <ClInclude Include="..\..\..\sfr\uart6.hpp">
      <Filter>XC32\sfr</Filter>
    </ClInclude>
    <ClInclude Include="..\..\..\sfr\wdt.hpp">
      <Filter>XC32\sfr</Filter>
    </ClInclude>
    <ClInclude Include="..\..\..\sfr\port\portA.hpp">
      <Filter>XC32\sfr\port</Filter>
    </ClInclude>
    <ClInclude Include="..\..\..\sfr\port\portB.hpp">
      <Filter>XC32\sfr\port</Filter>
    </ClInclude>
    <ClInclude Include="..\..\..\sfr\port\portC.hpp">
      <Filter>XC32\sfr\port</Filter>
    </ClInclude>
    <ClInclude Include="..\..\..\sfr\port\portD.hpp">
      <Filter>XC32\sfr\port</Filter>
    </ClInclude>
    <ClInclude Include="..\..\..\sfr\port\portE.hpp">
      <Filter>XC32\sfr\port</Filter>
    </ClInclude>
    <ClInclude Include="..\..\..\sfr\port\portF.hpp">
      <Filter>XC32\sfr\port</Filter>
    </ClInclude>
    <ClInclude Include="..\..\..\sfr\port\portG.hpp">
      <Filter>XC32\sfr\port</Filter>
    </ClInclude>
    <ClInclude Include="..\..\..\sfr\port\portH.hpp">
      <Filter>XC32\sfr\port</Filter>
    </ClInclude>
    <ClInclude Include="..\..\..\sfr\port\portI.hpp">
      <Filter>XC32\sfr\port</Filter>
    </ClInclude>
    <ClInclude Include="..\..\..\sfr\port\portJ.hpp">
      <Filter>XC32\sfr\port</Filter>
    </ClInclude>
    <ClInclude Include="..\..\..\sfr\port\portK.hpp">
      <Filter>XC32\sfr\port</Filter>
    </ClInclude>
  </ItemGroup>
  <ItemGroup>
    <ClCompile Include="..\..\..\clock.cpp">
      <Filter>XC32</Filter>
    </ClCompile>
    <ClCompile Include="..\..\..\interrupt.cpp">
      <Filter>XC32</Filter>
    </ClCompile>
    <ClCompile Include="..\..\..\sfr\i2c1.cpp">
      <Filter>XC32\sfr</Filter>
    </ClCompile>
    <ClCompile Include="..\..\..\sfr\i2c2.cpp">
      <Filter>XC32\sfr</Filter>
    </ClCompile>
    <ClCompile Include="..\..\..\sfr\i2c3.cpp">
      <Filter>XC32\sfr</Filter>
    </ClCompile>
    <ClCompile Include="..\..\..\sfr\i2c4.cpp">
      <Filter>XC32\sfr</Filter>
    </ClCompile>
    <ClCompile Include="..\..\..\sfr\i2c5.cpp">
      <Filter>XC32\sfr</Filter>
    </ClCompile>
    <ClCompile Include="..\..\..\sfr\rtcc.cpp">
      <Filter>XC32\sfr</Filter>
    </ClCompile>
    <ClCompile Include="..\..\..\sfr\spi1.cpp">
      <Filter>XC32\sfr</Filter>
    </ClCompile>
    <ClCompile Include="..\..\..\sfr\spi2.cpp">
      <Filter>XC32\sfr</Filter>
    </ClCompile>
    <ClCompile Include="..\..\..\sfr\spi3.cpp">
      <Filter>XC32\sfr</Filter>
    </ClCompile>
    <ClCompile Include="..\..\..\sfr\spi4.cpp">
      <Filter>XC32\sfr</Filter>
    </ClCompile>
    <ClCompile Include="..\..\..\sfr\timer1.cpp">
      <Filter>XC32\sfr</Filter>
    </ClCompile>
    <ClCompile Include="..\..\..\sfr\timer2.cpp">
      <Filter>XC32\sfr</Filter>
    </ClCompile>
    <ClCompile Include="..\..\..\sfr\timer3.cpp">
      <Filter>XC32\sfr</Filter>
    </ClCompile>
    <ClCompile Include="..\..\..\sfr\timer4.cpp">
      <Filter>XC32\sfr</Filter>
    </ClCompile>
    <ClCompile Include="..\..\..\sfr\timer5.cpp">
      <Filter>XC32\sfr</Filter>
    </ClCompile>
    <ClCompile Include="..\..\..\sfr\timer6.cpp">
      <Filter>XC32\sfr</Filter>
    </ClCompile>
    <ClCompile Include="..\..\..\sfr\timer7.cpp">
      <Filter>XC32\sfr</Filter>
    </ClCompile>
    <ClCompile Include="..\..\..\sfr\timer8.cpp">
      <Filter>XC32\sfr</Filter>
    </ClCompile>
    <ClCompile Include="..\..\..\sfr\timer9.cpp">
      <Filter>XC32\sfr</Filter>
    </ClCompile>
    <ClCompile Include="..\..\..\sfr\uart1.cpp">
      <Filter>XC32\sfr</Filter>
    </ClCompile>
    <ClCompile Include="..\..\..\sfr\uart2.cpp">
      <Filter>XC32\sfr</Filter>
    </ClCompile>
    <ClCompile Include="..\..\..\sfr\uart3.cpp">
      <Filter>XC32\sfr</Filter>
    </ClCompile>
    <ClCompile Include="..\..\..\sfr\uart4.cpp">
      <Filter>XC32\sfr</Filter>
    </ClCompile>
    <ClCompile Include="..\..\..\sfr\uart5.cpp">
      <Filter>XC32\sfr</Filter>
    </ClCompile>
    <ClCompile Include="..\..\..\sfr\uart6.cpp">
      <Filter>XC32\sfr</Filter>
    </ClCompile>
    <ClCompile Include="lab.cpp">
      <Filter>ソース ファイル</Filter>
    </ClCompile>
    <ClCompile Include="..\..\..\homuraLib_v2\machine\device\p32mz2048efg100_forVC.c">
      <Filter>ソース ファイル</Filter>
    </ClCompile>
    <ClCompile Include="test_XC32.cpp">
      <Filter>ソース ファイル</Filter>
    </ClCompile>
  </ItemGroup>
</Project>